
Microsoft Visual Studio Solution File, Format Version 12.00
# Visual Studio Version 17
VisualStudioVersion = 17.9.34714.143
MinimumVisualStudioVersion = 10.0.40219.1
Project("{FAE04EC0-301F-11D3-BF4B-00C04F79EFBC}") = "ConsoleApp", "ConsoleApp\ConsoleApp.csproj", "{D505EDF3-F008-4DD7-A2BD-8B10855FC84A}"
EndProject
Global
	GlobalSection(SolutionConfigurationPlatforms) = preSolution
		Debug|Any CPU = Debug|Any CPU
		Release|Any CPU = Release|Any CPU
	EndGlobalSection
	GlobalSection(ProjectConfigurationPlatforms) = postSolution
		{D505EDF3-F008-4DD7-A2BD-8B10855FC84A}.Debug|Any CPU.ActiveCfg = Debug|Any CPU
		{D505EDF3-F008-4DD7-A2BD-8B10855FC84A}.Debug|Any CPU.Build.0 = Debug|Any CPU
		{D505EDF3-F008-4DD7-A2BD-8B10855FC84A}.Release|Any CPU.ActiveCfg = Release|Any CPU
		{D505EDF3-F008-4DD7-A2BD-8B10855FC84A}.Release|Any CPU.Build.0 = Release|Any CPU
	EndGlobalSection
	GlobalSection(SolutionProperties) = preSolution
		HideSolutionNode = FALSE
	EndGlobalSection
	GlobalSection(ExtensibilityGlobals) = postSolution
		SolutionGuid = {B4E6A99D-F478-4EAF-B782-15D00D772EC0}
	EndGlobalSection
EndGlobal
